// !$*UTF8*$!
{
	archiveVersion = 1;
	classes = {
	};
	objectVersion = 56;
	objects = {

/* Begin PBXBuildFile section */
		5016B07429640A2D00C82BC3 /* ScheduleManager.swift in Sources */ = {isa = PBXBuildFile; fileRef = 5016B07329640A2D00C82BC3 /* ScheduleManager.swift */; };
		503729EC293690D200CABCC9 /* ProgressCircle.swift in Sources */ = {isa = PBXBuildFile; fileRef = 503729EB293690D200CABCC9 /* ProgressCircle.swift */; };
		504376D3296A9D76004070F0 /* GymSettingsViewController.swift in Sources */ = {isa = PBXBuildFile; fileRef = 504376D2296A9D76004070F0 /* GymSettingsViewController.swift */; };
		505A9CBD296A2A0700233502 /* ProfileViewController.swift in Sources */ = {isa = PBXBuildFile; fileRef = 505A9CBC296A2A0700233502 /* ProfileViewController.swift */; };
		50776462296794A500F95A61 /* Equipment.swift in Sources */ = {isa = PBXBuildFile; fileRef = 50776461296794A500F95A61 /* Equipment.swift */; };
		50776464296794CE00F95A61 /* ExerciseData.swift in Sources */ = {isa = PBXBuildFile; fileRef = 50776463296794CE00F95A61 /* ExerciseData.swift */; };
		507764662967EDE900F95A61 /* Gym.swift in Sources */ = {isa = PBXBuildFile; fileRef = 507764652967EDE900F95A61 /* Gym.swift */; };
		507764682967F0DE00F95A61 /* GymViewManager.swift in Sources */ = {isa = PBXBuildFile; fileRef = 507764672967F0DE00F95A61 /* GymViewManager.swift */; };
		50888BE129515A140019C3F2 /* WorkoutSettingsViewController.swift in Sources */ = {isa = PBXBuildFile; fileRef = 50888BE029515A140019C3F2 /* WorkoutSettingsViewController.swift */; };
		50A25356295E696D0056CC04 /* ExerciseDetailsViewController.swift in Sources */ = {isa = PBXBuildFile; fileRef = 50A25355295E696D0056CC04 /* ExerciseDetailsViewController.swift */; };
		50A44A3D2957961500CDB23B /* Muscle.swift in Sources */ = {isa = PBXBuildFile; fileRef = 50A44A3C2957961500CDB23B /* Muscle.swift */; };
		50AE5AAD2966A2310048F76C /* TopViewManager.swift in Sources */ = {isa = PBXBuildFile; fileRef = 50AE5AAC2966A2310048F76C /* TopViewManager.swift */; };
		50AE5AAF2966A97B0048F76C /* NewWorkoutViewManager.swift in Sources */ = {isa = PBXBuildFile; fileRef = 50AE5AAE2966A97B0048F76C /* NewWorkoutViewManager.swift */; };
		50CBBBD1295E79BC005E5EB6 /* WorkoutTile.swift in Sources */ = {isa = PBXBuildFile; fileRef = 50CBBBD0295E79BC005E5EB6 /* WorkoutTile.swift */; };
		50CFE07A296A3608000579E9 /* UserProfile.swift in Sources */ = {isa = PBXBuildFile; fileRef = 50CFE079296A3608000579E9 /* UserProfile.swift */; };
		50D3B8F929665F8F003B4BA6 /* CurrentWorkoutViewManager.swift in Sources */ = {isa = PBXBuildFile; fileRef = 50D3B8F829665F8F003B4BA6 /* CurrentWorkoutViewManager.swift */; };
		50D912BC295D5586008D1A82 /* SetSubCell.swift in Sources */ = {isa = PBXBuildFile; fileRef = 50D912BB295D5586008D1A82 /* SetSubCell.swift */; };
		50DA012A2960270200E6EE06 /* WorkoutSettings.swift in Sources */ = {isa = PBXBuildFile; fileRef = 50DA01292960270200E6EE06 /* WorkoutSettings.swift */; };
		50DA012C2960315200E6EE06 /* ScheduleData.swift in Sources */ = {isa = PBXBuildFile; fileRef = 50DA012B2960315200E6EE06 /* ScheduleData.swift */; };
		50DBA01729307CFE00C46580 /* SetCell.swift in Sources */ = {isa = PBXBuildFile; fileRef = 50DBA01629307CFE00C46580 /* SetCell.swift */; };
		50DBA019293311FA00C46580 /* Exercise.swift in Sources */ = {isa = PBXBuildFile; fileRef = 50DBA018293311FA00C46580 /* Exercise.swift */; };
		50F70639292EB13E00846AA4 /* AppDelegate.swift in Sources */ = {isa = PBXBuildFile; fileRef = 50F70638292EB13E00846AA4 /* AppDelegate.swift */; };
		50F7063B292EB13E00846AA4 /* SceneDelegate.swift in Sources */ = {isa = PBXBuildFile; fileRef = 50F7063A292EB13E00846AA4 /* SceneDelegate.swift */; };
		50F7063D292EB13E00846AA4 /* MainViewController.swift in Sources */ = {isa = PBXBuildFile; fileRef = 50F7063C292EB13E00846AA4 /* MainViewController.swift */; };
		50F70640292EB13E00846AA4 /* Main.storyboard in Resources */ = {isa = PBXBuildFile; fileRef = 50F7063E292EB13E00846AA4 /* Main.storyboard */; };
		50F70642292EB14000846AA4 /* Assets.xcassets in Resources */ = {isa = PBXBuildFile; fileRef = 50F70641292EB14000846AA4 /* Assets.xcassets */; };
		50F70645292EB14000846AA4 /* LaunchScreen.storyboard in Resources */ = {isa = PBXBuildFile; fileRef = 50F70643292EB14000846AA4 /* LaunchScreen.storyboard */; };
		50F7064D292EB3F900846AA4 /* WorkoutViewController.swift in Sources */ = {isa = PBXBuildFile; fileRef = 50F7064C292EB3F900846AA4 /* WorkoutViewController.swift */; };
		50F7064F292EB91700846AA4 /* Workout.swift in Sources */ = {isa = PBXBuildFile; fileRef = 50F7064E292EB91700846AA4 /* Workout.swift */; };
		50F70651292EB98900846AA4 /* WorkoutSet.swift in Sources */ = {isa = PBXBuildFile; fileRef = 50F70650292EB98900846AA4 /* WorkoutSet.swift */; };
/* End PBXBuildFile section */

/* Begin PBXFileReference section */
		5016B07329640A2D00C82BC3 /* ScheduleManager.swift */ = {isa = PBXFileReference; lastKnownFileType = sourcecode.swift; path = ScheduleManager.swift; sourceTree = "<group>"; };
		503729EB293690D200CABCC9 /* ProgressCircle.swift */ = {isa = PBXFileReference; lastKnownFileType = sourcecode.swift; path = ProgressCircle.swift; sourceTree = "<group>"; };
		504376D2296A9D76004070F0 /* GymSettingsViewController.swift */ = {isa = PBXFileReference; lastKnownFileType = sourcecode.swift; path = GymSettingsViewController.swift; sourceTree = "<group>"; };
		505A9CBC296A2A0700233502 /* ProfileViewController.swift */ = {isa = PBXFileReference; lastKnownFileType = sourcecode.swift; path = ProfileViewController.swift; sourceTree = "<group>"; };
		50776461296794A500F95A61 /* Equipment.swift */ = {isa = PBXFileReference; lastKnownFileType = sourcecode.swift; path = Equipment.swift; sourceTree = "<group>"; };
		50776463296794CE00F95A61 /* ExerciseData.swift */ = {isa = PBXFileReference; lastKnownFileType = sourcecode.swift; path = ExerciseData.swift; sourceTree = "<group>"; };
		507764652967EDE900F95A61 /* Gym.swift */ = {isa = PBXFileReference; lastKnownFileType = sourcecode.swift; path = Gym.swift; sourceTree = "<group>"; };
		507764672967F0DE00F95A61 /* GymViewManager.swift */ = {isa = PBXFileReference; lastKnownFileType = sourcecode.swift; path = GymViewManager.swift; sourceTree = "<group>"; };
		50888BE029515A140019C3F2 /* WorkoutSettingsViewController.swift */ = {isa = PBXFileReference; lastKnownFileType = sourcecode.swift; path = WorkoutSettingsViewController.swift; sourceTree = "<group>"; };
		50A25355295E696D0056CC04 /* ExerciseDetailsViewController.swift */ = {isa = PBXFileReference; lastKnownFileType = sourcecode.swift; path = ExerciseDetailsViewController.swift; sourceTree = "<group>"; };
		50A44A3C2957961500CDB23B /* Muscle.swift */ = {isa = PBXFileReference; lastKnownFileType = sourcecode.swift; path = Muscle.swift; sourceTree = "<group>"; };
		50AE5AAC2966A2310048F76C /* TopViewManager.swift */ = {isa = PBXFileReference; lastKnownFileType = sourcecode.swift; path = TopViewManager.swift; sourceTree = "<group>"; };
		50AE5AAE2966A97B0048F76C /* NewWorkoutViewManager.swift */ = {isa = PBXFileReference; lastKnownFileType = sourcecode.swift; path = NewWorkoutViewManager.swift; sourceTree = "<group>"; };
		50CBBBD0295E79BC005E5EB6 /* WorkoutTile.swift */ = {isa = PBXFileReference; lastKnownFileType = sourcecode.swift; path = WorkoutTile.swift; sourceTree = "<group>"; };
		50CFE079296A3608000579E9 /* UserProfile.swift */ = {isa = PBXFileReference; lastKnownFileType = sourcecode.swift; path = UserProfile.swift; sourceTree = "<group>"; };
		50D3B8F829665F8F003B4BA6 /* CurrentWorkoutViewManager.swift */ = {isa = PBXFileReference; lastKnownFileType = sourcecode.swift; path = CurrentWorkoutViewManager.swift; sourceTree = "<group>"; };
		50D912BB295D5586008D1A82 /* SetSubCell.swift */ = {isa = PBXFileReference; lastKnownFileType = sourcecode.swift; path = SetSubCell.swift; sourceTree = "<group>"; };
		50DA01292960270200E6EE06 /* WorkoutSettings.swift */ = {isa = PBXFileReference; lastKnownFileType = sourcecode.swift; path = WorkoutSettings.swift; sourceTree = "<group>"; };
		50DA012B2960315200E6EE06 /* ScheduleData.swift */ = {isa = PBXFileReference; lastKnownFileType = sourcecode.swift; path = ScheduleData.swift; sourceTree = "<group>"; };
		50DBA01629307CFE00C46580 /* SetCell.swift */ = {isa = PBXFileReference; lastKnownFileType = sourcecode.swift; path = SetCell.swift; sourceTree = "<group>"; };
		50DBA018293311FA00C46580 /* Exercise.swift */ = {isa = PBXFileReference; lastKnownFileType = sourcecode.swift; path = Exercise.swift; sourceTree = "<group>"; };
		50F70635292EB13E00846AA4 /* Workouts.app */ = {isa = PBXFileReference; explicitFileType = wrapper.application; includeInIndex = 0; path = Workouts.app; sourceTree = BUILT_PRODUCTS_DIR; };
		50F70638292EB13E00846AA4 /* AppDelegate.swift */ = {isa = PBXFileReference; lastKnownFileType = sourcecode.swift; path = AppDelegate.swift; sourceTree = "<group>"; };
		50F7063A292EB13E00846AA4 /* SceneDelegate.swift */ = {isa = PBXFileReference; lastKnownFileType = sourcecode.swift; path = SceneDelegate.swift; sourceTree = "<group>"; };
		50F7063C292EB13E00846AA4 /* MainViewController.swift */ = {isa = PBXFileReference; lastKnownFileType = sourcecode.swift; path = MainViewController.swift; sourceTree = "<group>"; };
		50F7063F292EB13E00846AA4 /* Base */ = {isa = PBXFileReference; lastKnownFileType = file.storyboard; name = Base; path = Base.lproj/Main.storyboard; sourceTree = "<group>"; };
		50F70641292EB14000846AA4 /* Assets.xcassets */ = {isa = PBXFileReference; lastKnownFileType = folder.assetcatalog; path = Assets.xcassets; sourceTree = "<group>"; };
		50F70644292EB14000846AA4 /* Base */ = {isa = PBXFileReference; lastKnownFileType = file.storyboard; name = Base; path = Base.lproj/LaunchScreen.storyboard; sourceTree = "<group>"; };
		50F70646292EB14000846AA4 /* Info.plist */ = {isa = PBXFileReference; lastKnownFileType = text.plist.xml; path = Info.plist; sourceTree = "<group>"; };
		50F7064C292EB3F900846AA4 /* WorkoutViewController.swift */ = {isa = PBXFileReference; lastKnownFileType = sourcecode.swift; path = WorkoutViewController.swift; sourceTree = "<group>"; };
		50F7064E292EB91700846AA4 /* Workout.swift */ = {isa = PBXFileReference; lastKnownFileType = sourcecode.swift; path = Workout.swift; sourceTree = "<group>"; };
		50F70650292EB98900846AA4 /* WorkoutSet.swift */ = {isa = PBXFileReference; lastKnownFileType = sourcecode.swift; path = WorkoutSet.swift; sourceTree = "<group>"; };
/* End PBXFileReference section */

/* Begin PBXFrameworksBuildPhase section */
		50F70632292EB13E00846AA4 /* Frameworks */ = {
			isa = PBXFrameworksBuildPhase;
			buildActionMask = 2147483647;
			files = (
			);
			runOnlyForDeploymentPostprocessing = 0;
		};
/* End PBXFrameworksBuildPhase section */

/* Begin PBXGroup section */
		507764692967F17C00F95A61 /* WorkoutSettingsViewController */ = {
			isa = PBXGroup;
			children = (
				50888BE029515A140019C3F2 /* WorkoutSettingsViewController.swift */,
				507764672967F0DE00F95A61 /* GymViewManager.swift */,
			);
			path = WorkoutSettingsViewController;
			sourceTree = "<group>";
		};
		5082923A2963E1A600A29C6E /* MainViewController */ = {
			isa = PBXGroup;
			children = (
				50F7063C292EB13E00846AA4 /* MainViewController.swift */,
				50AE5AAC2966A2310048F76C /* TopViewManager.swift */,
				50D3B8F829665F8F003B4BA6 /* CurrentWorkoutViewManager.swift */,
				5016B07329640A2D00C82BC3 /* ScheduleManager.swift */,
				50AE5AAE2966A97B0048F76C /* NewWorkoutViewManager.swift */,
				50CBBBD0295E79BC005E5EB6 /* WorkoutTile.swift */,
				50DA012B2960315200E6EE06 /* ScheduleData.swift */,
			);
			path = MainViewController;
			sourceTree = "<group>";
		};
		5082923B2963E1C100A29C6E /* WorkoutViewController */ = {
			isa = PBXGroup;
			children = (
				50F7064C292EB3F900846AA4 /* WorkoutViewController.swift */,
				50D912BB295D5586008D1A82 /* SetSubCell.swift */,
				50DBA01629307CFE00C46580 /* SetCell.swift */,
			);
			path = WorkoutViewController;
			sourceTree = "<group>";
		};
		5082923D2963E1ED00A29C6E /* Workout Classes */ = {
			isa = PBXGroup;
			children = (
				50F7064E292EB91700846AA4 /* Workout.swift */,
				50DA01292960270200E6EE06 /* WorkoutSettings.swift */,
				50F70650292EB98900846AA4 /* WorkoutSet.swift */,
				50DBA018293311FA00C46580 /* Exercise.swift */,
				50776463296794CE00F95A61 /* ExerciseData.swift */,
				50A44A3C2957961500CDB23B /* Muscle.swift */,
				50776461296794A500F95A61 /* Equipment.swift */,
				507764652967EDE900F95A61 /* Gym.swift */,
				50CFE079296A3608000579E9 /* UserProfile.swift */,
			);
			path = "Workout Classes";
			sourceTree = "<group>";
		};
		50F7062C292EB13E00846AA4 = {
			isa = PBXGroup;
			children = (
				50F70637292EB13E00846AA4 /* Workouts */,
				50F70636292EB13E00846AA4 /* Products */,
			);
			sourceTree = "<group>";
		};
		50F70636292EB13E00846AA4 /* Products */ = {
			isa = PBXGroup;
			children = (
				50F70635292EB13E00846AA4 /* Workouts.app */,
			);
			name = Products;
			sourceTree = "<group>";
		};
		50F70637292EB13E00846AA4 /* Workouts */ = {
			isa = PBXGroup;
			children = (
				50F70646292EB14000846AA4 /* Info.plist */,
				50F70638292EB13E00846AA4 /* AppDelegate.swift */,
				50F7063A292EB13E00846AA4 /* SceneDelegate.swift */,
				50F7063E292EB13E00846AA4 /* Main.storyboard */,
				50F70643292EB14000846AA4 /* LaunchScreen.storyboard */,
				50F70641292EB14000846AA4 /* Assets.xcassets */,
				5082923A2963E1A600A29C6E /* MainViewController */,
				5082923B2963E1C100A29C6E /* WorkoutViewController */,
				507764692967F17C00F95A61 /* WorkoutSettingsViewController */,
				5082923D2963E1ED00A29C6E /* Workout Classes */,
				50A25355295E696D0056CC04 /* ExerciseDetailsViewController.swift */,
				504376D2296A9D76004070F0 /* GymSettingsViewController.swift */,
				505A9CBC296A2A0700233502 /* ProfileViewController.swift */,
				503729EB293690D200CABCC9 /* ProgressCircle.swift */,
			);
			path = Workouts;
			sourceTree = "<group>";
		};
/* End PBXGroup section */

/* Begin PBXNativeTarget section */
		50F70634292EB13E00846AA4 /* Workouts */ = {
			isa = PBXNativeTarget;
			buildConfigurationList = 50F70649292EB14000846AA4 /* Build configuration list for PBXNativeTarget "Workouts" */;
			buildPhases = (
				50F70631292EB13E00846AA4 /* Sources */,
				50F70632292EB13E00846AA4 /* Frameworks */,
				50F70633292EB13E00846AA4 /* Resources */,
			);
			buildRules = (
			);
			dependencies = (
			);
			name = Workouts;
			productName = Workouts;
			productReference = 50F70635292EB13E00846AA4 /* Workouts.app */;
			productType = "com.apple.product-type.application";
		};
/* End PBXNativeTarget section */

/* Begin PBXProject section */
		50F7062D292EB13E00846AA4 /* Project object */ = {
			isa = PBXProject;
			attributes = {
				BuildIndependentTargetsInParallel = 1;
				LastSwiftUpdateCheck = 1400;
				LastUpgradeCheck = 1400;
				TargetAttributes = {
					50F70634292EB13E00846AA4 = {
						CreatedOnToolsVersion = 14.0.1;
					};
				};
			};
			buildConfigurationList = 50F70630292EB13E00846AA4 /* Build configuration list for PBXProject "Workouts" */;
			compatibilityVersion = "Xcode 14.0";
			developmentRegion = en;
			hasScannedForEncodings = 0;
			knownRegions = (
				en,
				Base,
			);
			mainGroup = 50F7062C292EB13E00846AA4;
			productRefGroup = 50F70636292EB13E00846AA4 /* Products */;
			projectDirPath = "";
			projectRoot = "";
			targets = (
				50F70634292EB13E00846AA4 /* Workouts */,
			);
		};
/* End PBXProject section */

/* Begin PBXResourcesBuildPhase section */
		50F70633292EB13E00846AA4 /* Resources */ = {
			isa = PBXResourcesBuildPhase;
			buildActionMask = 2147483647;
			files = (
				50F70645292EB14000846AA4 /* LaunchScreen.storyboard in Resources */,
				50F70642292EB14000846AA4 /* Assets.xcassets in Resources */,
				50F70640292EB13E00846AA4 /* Main.storyboard in Resources */,
			);
			runOnlyForDeploymentPostprocessing = 0;
		};
/* End PBXResourcesBuildPhase section */

/* Begin PBXSourcesBuildPhase section */
		50F70631292EB13E00846AA4 /* Sources */ = {
			isa = PBXSourcesBuildPhase;
			buildActionMask = 2147483647;
			files = (
				50DA012A2960270200E6EE06 /* WorkoutSettings.swift in Sources */,
				50DBA01729307CFE00C46580 /* SetCell.swift in Sources */,
				50CBBBD1295E79BC005E5EB6 /* WorkoutTile.swift in Sources */,
				50D912BC295D5586008D1A82 /* SetSubCell.swift in Sources */,
				50DBA019293311FA00C46580 /* Exercise.swift in Sources */,
				50776464296794CE00F95A61 /* ExerciseData.swift in Sources */,
				50776462296794A500F95A61 /* Equipment.swift in Sources */,
				50F7064D292EB3F900846AA4 /* WorkoutViewController.swift in Sources */,
				50888BE129515A140019C3F2 /* WorkoutSettingsViewController.swift in Sources */,
				50F7063D292EB13E00846AA4 /* MainViewController.swift in Sources */,
				507764682967F0DE00F95A61 /* GymViewManager.swift in Sources */,
				50DA012C2960315200E6EE06 /* ScheduleData.swift in Sources */,
				50CFE07A296A3608000579E9 /* UserProfile.swift in Sources */,
				503729EC293690D200CABCC9 /* ProgressCircle.swift in Sources */,
				50F70651292EB98900846AA4 /* WorkoutSet.swift in Sources */,
				50A44A3D2957961500CDB23B /* Muscle.swift in Sources */,
				50F70639292EB13E00846AA4 /* AppDelegate.swift in Sources */,
				50F7064F292EB91700846AA4 /* Workout.swift in Sources */,
				50A25356295E696D0056CC04 /* ExerciseDetailsViewController.swift in Sources */,
				50F7063B292EB13E00846AA4 /* SceneDelegate.swift in Sources */,
				504376D3296A9D76004070F0 /* GymSettingsViewController.swift in Sources */,
				50AE5AAD2966A2310048F76C /* TopViewManager.swift in Sources */,
				507764662967EDE900F95A61 /* Gym.swift in Sources */,
				50AE5AAF2966A97B0048F76C /* NewWorkoutViewManager.swift in Sources */,
				505A9CBD296A2A0700233502 /* ProfileViewController.swift in Sources */,
				50D3B8F929665F8F003B4BA6 /* CurrentWorkoutViewManager.swift in Sources */,
				5016B07429640A2D00C82BC3 /* ScheduleManager.swift in Sources */,
			);
			runOnlyForDeploymentPostprocessing = 0;
		};
/* End PBXSourcesBuildPhase section */

/* Begin PBXVariantGroup section */
		50F7063E292EB13E00846AA4 /* Main.storyboard */ = {
			isa = PBXVariantGroup;
			children = (
				50F7063F292EB13E00846AA4 /* Base */,
			);
			name = Main.storyboard;
			sourceTree = "<group>";
		};
		50F70643292EB14000846AA4 /* LaunchScreen.storyboard */ = {
			isa = PBXVariantGroup;
			children = (
				50F70644292EB14000846AA4 /* Base */,
			);
			name = LaunchScreen.storyboard;
			sourceTree = "<group>";
		};
/* End PBXVariantGroup section */

/* Begin XCBuildConfiguration section */
		50F70647292EB14000846AA4 /* Debug */ = {
			isa = XCBuildConfiguration;
			buildSettings = {
				ALWAYS_SEARCH_USER_PATHS = NO;
				CLANG_ANALYZER_NONNULL = YES;
				CLANG_ANALYZER_NUMBER_OBJECT_CONVERSION = YES_AGGRESSIVE;
				CLANG_CXX_LANGUAGE_STANDARD = "gnu++20";
				CLANG_ENABLE_MODULES = YES;
				CLANG_ENABLE_OBJC_ARC = YES;
				CLANG_ENABLE_OBJC_WEAK = YES;
				CLANG_WARN_BLOCK_CAPTURE_AUTORELEASING = YES;
				CLANG_WARN_BOOL_CONVERSION = YES;
				CLANG_WARN_COMMA = YES;
				CLANG_WARN_CONSTANT_CONVERSION = YES;
				CLANG_WARN_DEPRECATED_OBJC_IMPLEMENTATIONS = YES;
				CLANG_WARN_DIRECT_OBJC_ISA_USAGE = YES_ERROR;
				CLANG_WARN_DOCUMENTATION_COMMENTS = YES;
				CLANG_WARN_EMPTY_BODY = YES;
				CLANG_WARN_ENUM_CONVERSION = YES;
				CLANG_WARN_INFINITE_RECURSION = YES;
				CLANG_WARN_INT_CONVERSION = YES;
				CLANG_WARN_NON_LITERAL_NULL_CONVERSION = YES;
				CLANG_WARN_OBJC_IMPLICIT_RETAIN_SELF = YES;
				CLANG_WARN_OBJC_LITERAL_CONVERSION = YES;
				CLANG_WARN_OBJC_ROOT_CLASS = YES_ERROR;
				CLANG_WARN_QUOTED_INCLUDE_IN_FRAMEWORK_HEADER = YES;
				CLANG_WARN_RANGE_LOOP_ANALYSIS = YES;
				CLANG_WARN_STRICT_PROTOTYPES = YES;
				CLANG_WARN_SUSPICIOUS_MOVE = YES;
				CLANG_WARN_UNGUARDED_AVAILABILITY = YES_AGGRESSIVE;
				CLANG_WARN_UNREACHABLE_CODE = YES;
				CLANG_WARN__DUPLICATE_METHOD_MATCH = YES;
				COPY_PHASE_STRIP = NO;
				DEBUG_INFORMATION_FORMAT = dwarf;
				ENABLE_STRICT_OBJC_MSGSEND = YES;
				ENABLE_TESTABILITY = YES;
				GCC_C_LANGUAGE_STANDARD = gnu11;
				GCC_DYNAMIC_NO_PIC = NO;
				GCC_NO_COMMON_BLOCKS = YES;
				GCC_OPTIMIZATION_LEVEL = 0;
				GCC_PREPROCESSOR_DEFINITIONS = (
					"DEBUG=1",
					"$(inherited)",
				);
				GCC_WARN_64_TO_32_BIT_CONVERSION = YES;
				GCC_WARN_ABOUT_RETURN_TYPE = YES_ERROR;
				GCC_WARN_UNDECLARED_SELECTOR = YES;
				GCC_WARN_UNINITIALIZED_AUTOS = YES_AGGRESSIVE;
				GCC_WARN_UNUSED_FUNCTION = YES;
				GCC_WARN_UNUSED_VARIABLE = YES;
				IPHONEOS_DEPLOYMENT_TARGET = 16.0;
				MTL_ENABLE_DEBUG_INFO = INCLUDE_SOURCE;
				MTL_FAST_MATH = YES;
				ONLY_ACTIVE_ARCH = YES;
				SDKROOT = iphoneos;
				SWIFT_ACTIVE_COMPILATION_CONDITIONS = DEBUG;
				SWIFT_OPTIMIZATION_LEVEL = "-Onone";
			};
			name = Debug;
		};
		50F70648292EB14000846AA4 /* Release */ = {
			isa = XCBuildConfiguration;
			buildSettings = {
				ALWAYS_SEARCH_USER_PATHS = NO;
				CLANG_ANALYZER_NONNULL = YES;
				CLANG_ANALYZER_NUMBER_OBJECT_CONVERSION = YES_AGGRESSIVE;
				CLANG_CXX_LANGUAGE_STANDARD = "gnu++20";
				CLANG_ENABLE_MODULES = YES;
				CLANG_ENABLE_OBJC_ARC = YES;
				CLANG_ENABLE_OBJC_WEAK = YES;
				CLANG_WARN_BLOCK_CAPTURE_AUTORELEASING = YES;
				CLANG_WARN_BOOL_CONVERSION = YES;
				CLANG_WARN_COMMA = YES;
				CLANG_WARN_CONSTANT_CONVERSION = YES;
				CLANG_WARN_DEPRECATED_OBJC_IMPLEMENTATIONS = YES;
				CLANG_WARN_DIRECT_OBJC_ISA_USAGE = YES_ERROR;
				CLANG_WARN_DOCUMENTATION_COMMENTS = YES;
				CLANG_WARN_EMPTY_BODY = YES;
				CLANG_WARN_ENUM_CONVERSION = YES;
				CLANG_WARN_INFINITE_RECURSION = YES;
				CLANG_WARN_INT_CONVERSION = YES;
				CLANG_WARN_NON_LITERAL_NULL_CONVERSION = YES;
				CLANG_WARN_OBJC_IMPLICIT_RETAIN_SELF = YES;
				CLANG_WARN_OBJC_LITERAL_CONVERSION = YES;
				CLANG_WARN_OBJC_ROOT_CLASS = YES_ERROR;
				CLANG_WARN_QUOTED_INCLUDE_IN_FRAMEWORK_HEADER = YES;
				CLANG_WARN_RANGE_LOOP_ANALYSIS = YES;
				CLANG_WARN_STRICT_PROTOTYPES = YES;
				CLANG_WARN_SUSPICIOUS_MOVE = YES;
				CLANG_WARN_UNGUARDED_AVAILABILITY = YES_AGGRESSIVE;
				CLANG_WARN_UNREACHABLE_CODE = YES;
				CLANG_WARN__DUPLICATE_METHOD_MATCH = YES;
				COPY_PHASE_STRIP = NO;
				DEBUG_INFORMATION_FORMAT = "dwarf-with-dsym";
				ENABLE_NS_ASSERTIONS = NO;
				ENABLE_STRICT_OBJC_MSGSEND = YES;
				GCC_C_LANGUAGE_STANDARD = gnu11;
				GCC_NO_COMMON_BLOCKS = YES;
				GCC_WARN_64_TO_32_BIT_CONVERSION = YES;
				GCC_WARN_ABOUT_RETURN_TYPE = YES_ERROR;
				GCC_WARN_UNDECLARED_SELECTOR = YES;
				GCC_WARN_UNINITIALIZED_AUTOS = YES_AGGRESSIVE;
				GCC_WARN_UNUSED_FUNCTION = YES;
				GCC_WARN_UNUSED_VARIABLE = YES;
				IPHONEOS_DEPLOYMENT_TARGET = 16.0;
				MTL_ENABLE_DEBUG_INFO = NO;
				MTL_FAST_MATH = YES;
				SDKROOT = iphoneos;
				SWIFT_COMPILATION_MODE = wholemodule;
				SWIFT_OPTIMIZATION_LEVEL = "-O";
				VALIDATE_PRODUCT = YES;
			};
			name = Release;
		};
		50F7064A292EB14000846AA4 /* Debug */ = {
			isa = XCBuildConfiguration;
			buildSettings = {
				ASSETCATALOG_COMPILER_APPICON_NAME = AppIcon;
				ASSETCATALOG_COMPILER_GLOBAL_ACCENT_COLOR_NAME = AccentColor;
				CODE_SIGN_STYLE = Automatic;
				CURRENT_PROJECT_VERSION = 1;
				DEVELOPMENT_TEAM = 9BGZ9WLJU3;
				GENERATE_INFOPLIST_FILE = YES;
				INFOPLIST_FILE = Workouts/Info.plist;
				INFOPLIST_KEY_CFBundleDisplayName = Workouts;
				INFOPLIST_KEY_LSApplicationCategoryType = "public.app-category.healthcare-fitness";
				INFOPLIST_KEY_UIApplicationSupportsIndirectInputEvents = YES;
				INFOPLIST_KEY_UILaunchStoryboardName = LaunchScreen;
				INFOPLIST_KEY_UIMainStoryboardFile = Main;
				INFOPLIST_KEY_UISupportedInterfaceOrientations_iPad = "UIInterfaceOrientationPortrait UIInterfaceOrientationPortraitUpsideDown UIInterfaceOrientationLandscapeLeft UIInterfaceOrientationLandscapeRight";
				INFOPLIST_KEY_UISupportedInterfaceOrientations_iPhone = "UIInterfaceOrientationPortrait UIInterfaceOrientationLandscapeLeft UIInterfaceOrientationLandscapeRight";
				LD_RUNPATH_SEARCH_PATHS = (
					"$(inherited)",
					"@executable_path/Frameworks",
				);
				MARKETING_VERSION = 1.0;
				PRODUCT_BUNDLE_IDENTIFIER = mullen.ethan.Workouts;
				PRODUCT_NAME = "$(TARGET_NAME)";
				SWIFT_EMIT_LOC_STRINGS = YES;
				SWIFT_VERSION = 5.0;
				TARGETED_DEVICE_FAMILY = "1,2";
			};
			name = Debug;
		};
		50F7064B292EB14000846AA4 /* Release */ = {
			isa = XCBuildConfiguration;
			buildSettings = {
				ASSETCATALOG_COMPILER_APPICON_NAME = AppIcon;
				ASSETCATALOG_COMPILER_GLOBAL_ACCENT_COLOR_NAME = AccentColor;
				CODE_SIGN_STYLE = Automatic;
				CURRENT_PROJECT_VERSION = 1;
				DEVELOPMENT_TEAM = 9BGZ9WLJU3;
				GENERATE_INFOPLIST_FILE = YES;
				INFOPLIST_FILE = Workouts/Info.plist;
				INFOPLIST_KEY_CFBundleDisplayName = Workouts;
				INFOPLIST_KEY_LSApplicationCategoryType = "public.app-category.healthcare-fitness";
				INFOPLIST_KEY_UIApplicationSupportsIndirectInputEvents = YES;
				INFOPLIST_KEY_UILaunchStoryboardName = LaunchScreen;
				INFOPLIST_KEY_UIMainStoryboardFile = Main;
				INFOPLIST_KEY_UISupportedInterfaceOrientations_iPad = "UIInterfaceOrientationPortrait UIInterfaceOrientationPortraitUpsideDown UIInterfaceOrientationLandscapeLeft UIInterfaceOrientationLandscapeRight";
				INFOPLIST_KEY_UISupportedInterfaceOrientations_iPhone = "UIInterfaceOrientationPortrait UIInterfaceOrientationLandscapeLeft UIInterfaceOrientationLandscapeRight";
				LD_RUNPATH_SEARCH_PATHS = (
					"$(inherited)",
					"@executable_path/Frameworks",
				);
				MARKETING_VERSION = 1.0;
				PRODUCT_BUNDLE_IDENTIFIER = mullen.ethan.Workouts;
				PRODUCT_NAME = "$(TARGET_NAME)";
				SWIFT_EMIT_LOC_STRINGS = YES;
				SWIFT_VERSION = 5.0;
				TARGETED_DEVICE_FAMILY = "1,2";
			};
			name = Release;
		};
/* End XCBuildConfiguration section */

/* Begin XCConfigurationList section */
		50F70630292EB13E00846AA4 /* Build configuration list for PBXProject "Workouts" */ = {
			isa = XCConfigurationList;
			buildConfigurations = (
				50F70647292EB14000846AA4 /* Debug */,
				50F70648292EB14000846AA4 /* Release */,
			);
			defaultConfigurationIsVisible = 0;
			defaultConfigurationName = Release;
		};
		50F70649292EB14000846AA4 /* Build configuration list for PBXNativeTarget "Workouts" */ = {
			isa = XCConfigurationList;
			buildConfigurations = (
				50F7064A292EB14000846AA4 /* Debug */,
				50F7064B292EB14000846AA4 /* Release */,
			);
			defaultConfigurationIsVisible = 0;
			defaultConfigurationName = Release;
		};
/* End XCConfigurationList section */
	};
	rootObject = 50F7062D292EB13E00846AA4 /* Project object */;
}
